
Microsoft Visual Studio Solution File, Format Version 12.00
# Visual Studio Version 17
VisualStudioVersion = 17.4.33122.133
MinimumVisualStudioVersion = 10.0.40219.1
Project("{FAE04EC0-301F-11D3-BF4B-00C04F79EFBC}") = "GoogleChart", "GoogleChart.csproj", "{0CF4C313-4A7B-4761-840B-224A81186065}"
EndProject
Global
	GlobalSection(SolutionConfigurationPlatforms) = preSolution
		Debug|Any CPU = Debug|Any CPU
		Release|Any CPU = Release|Any CPU
	EndGlobalSection
	GlobalSection(ProjectConfigurationPlatforms) = postSolution
		{0CF4C313-4A7B-4761-840B-224A81186065}.Debug|Any CPU.ActiveCfg = Debug|Any CPU
		{0CF4C313-4A7B-4761-840B-224A81186065}.Debug|Any CPU.Build.0 = Debug|Any CPU
		{0CF4C313-4A7B-4761-840B-224A81186065}.Release|Any CPU.ActiveCfg = Release|Any CPU
		{0CF4C313-4A7B-4761-840B-224A81186065}.Release|Any CPU.Build.0 = Release|Any CPU
	EndGlobalSection
	GlobalSection(SolutionProperties) = preSolution
		HideSolutionNode = FALSE
	EndGlobalSection
	GlobalSection(ExtensibilityGlobals) = postSolution
		SolutionGuid = {67473D83-EC27-4791-B78F-CEAB5F52A0AF}
	EndGlobalSection
EndGlobal
